
Microsoft Visual Studio Solution File, Format Version 12.00
# Visual Studio Version 17
VisualStudioVersion = 17.5.33424.131
MinimumVisualStudioVersion = 10.0.40219.1
Project("{9A19103F-16F7-4668-BE54-9A1E7A4F7556}") = "MuzShop", "MuzShop\MuzShop.csproj", "{65EF1BB3-BB95-4AC5-8B4E-3D656B198D17}"
EndProject
Project("{FAE04EC0-301F-11D3-BF4B-00C04F79EFBC}") = "Domain", "Domain\Domain.csproj", "{DAEE8573-69AD-4F64-881F-FA6B010E7A25}"
EndProject
Global
	GlobalSection(SolutionConfigurationPlatforms) = preSolution
		Debug|Any CPU = Debug|Any CPU
		Release|Any CPU = Release|Any CPU
	EndGlobalSection
	GlobalSection(ProjectConfigurationPlatforms) = postSolution
		{65EF1BB3-BB95-4AC5-8B4E-3D656B198D17}.Debug|Any CPU.ActiveCfg = Debug|Any CPU
		{65EF1BB3-BB95-4AC5-8B4E-3D656B198D17}.Debug|Any CPU.Build.0 = Debug|Any CPU
		{65EF1BB3-BB95-4AC5-8B4E-3D656B198D17}.Release|Any CPU.ActiveCfg = Release|Any CPU
		{65EF1BB3-BB95-4AC5-8B4E-3D656B198D17}.Release|Any CPU.Build.0 = Release|Any CPU
		{DAEE8573-69AD-4F64-881F-FA6B010E7A25}.Debug|Any CPU.ActiveCfg = Debug|Any CPU
		{DAEE8573-69AD-4F64-881F-FA6B010E7A25}.Debug|Any CPU.Build.0 = Debug|Any CPU
		{DAEE8573-69AD-4F64-881F-FA6B010E7A25}.Release|Any CPU.ActiveCfg = Release|Any CPU
		{DAEE8573-69AD-4F64-881F-FA6B010E7A25}.Release|Any CPU.Build.0 = Release|Any CPU
	EndGlobalSection
	GlobalSection(SolutionProperties) = preSolution
		HideSolutionNode = FALSE
	EndGlobalSection
	GlobalSection(ExtensibilityGlobals) = postSolution
		SolutionGuid = {09579662-5A7D-45BA-AF7A-9F46E9E89CA2}
	EndGlobalSection
EndGlobal
